
Microsoft Visual Studio Solution File, Format Version 12.00
# Visual Studio Version 16
VisualStudioVersion = 16.0.32002.261
MinimumVisualStudioVersion = 10.0.40219.1
Project("{FAE04EC0-301F-11D3-BF4B-00C04F79EFBC}") = "TicTacToe", "TicTacToe\TicTacToe.csproj", "{F313986A-9A43-4ED7-B52F-63F96AE60738}"
EndProject
Global
	GlobalSection(SolutionConfigurationPlatforms) = preSolution
		Debug|Any CPU = Debug|Any CPU
		Release|Any CPU = Release|Any CPU
	EndGlobalSection
	GlobalSection(ProjectConfigurationPlatforms) = postSolution
		{F313986A-9A43-4ED7-B52F-63F96AE60738}.Debug|Any CPU.ActiveCfg = Debug|Any CPU
		{F313986A-9A43-4ED7-B52F-63F96AE60738}.Debug|Any CPU.Build.0 = Debug|Any CPU
		{F313986A-9A43-4ED7-B52F-63F96AE60738}.Release|Any CPU.ActiveCfg = Release|Any CPU
		{F313986A-9A43-4ED7-B52F-63F96AE60738}.Release|Any CPU.Build.0 = Release|Any CPU
	EndGlobalSection
	GlobalSection(SolutionProperties) = preSolution
		HideSolutionNode = FALSE
	EndGlobalSection
	GlobalSection(ExtensibilityGlobals) = postSolution
		SolutionGuid = {F64D7E70-3103-4DF2-88F7-5686F2E8A34D}
	EndGlobalSection
EndGlobal
